// !$*UTF8*$!
{
	archiveVersion = 1;
	classes = {
	};
	objectVersion = 46;
	objects = {

/* Begin PBXBuildFile section */
		AEF377AB1DDDE77A00FFA748 /* main.m in Sources */ = {isa = PBXBuildFile; fileRef = AEF377AA1DDDE77A00FFA748 /* main.m */; };
		AEF377AE1DDDE77A00FFA748 /* AppDelegate.m in Sources */ = {isa = PBXBuildFile; fileRef = AEF377AD1DDDE77A00FFA748 /* AppDelegate.m */; };
		AEF377B61DDDE77A00FFA748 /* Assets.xcassets in Resources */ = {isa = PBXBuildFile; fileRef = AEF377B51DDDE77A00FFA748 /* Assets.xcassets */; };
		AEF377B91DDDE77A00FFA748 /* LaunchScreen.storyboard in Resources */ = {isa = PBXBuildFile; fileRef = AEF377B71DDDE77A00FFA748 /* LaunchScreen.storyboard */; };
		AEF377C41DDDE77A00FFA748 /* XYTabbarTests.m in Sources */ = {isa = PBXBuildFile; fileRef = AEF377C31DDDE77A00FFA748 /* XYTabbarTests.m */; };
		AEF377CF1DDDE77A00FFA748 /* XYTabbarUITests.m in Sources */ = {isa = PBXBuildFile; fileRef = AEF377CE1DDDE77A00FFA748 /* XYTabbarUITests.m */; };
		AEF377DE1DDDE7B900FFA748 /* XYTabbar.m in Sources */ = {isa = PBXBuildFile; fileRef = AEF377DD1DDDE7B900FFA748 /* XYTabbar.m */; };
		AEF377E71DDDE86B00FFA748 /* MainViewController.m in Sources */ = {isa = PBXBuildFile; fileRef = AEF377E61DDDE86B00FFA748 /* MainViewController.m */; };
		AEF378071DDDED4900FFA748 /* ico_dingwei_hong.png in Resources */ = {isa = PBXBuildFile; fileRef = AEF377EC1DDDED4900FFA748 /* ico_dingwei_hong.png */; };
		AEF378081DDDED4900FFA748 /* ico_dingwei_hong@2x.png in Resources */ = {isa = PBXBuildFile; fileRef = AEF377ED1DDDED4900FFA748 /* ico_dingwei_hong@2x.png */; };
		AEF378091DDDED4900FFA748 /* ico_dingwei_hong@3x.png in Resources */ = {isa = PBXBuildFile; fileRef = AEF377EE1DDDED4900FFA748 /* ico_dingwei_hong@3x.png */; };
		AEF3780A1DDDED4900FFA748 /* ico_dingwei_hui.png in Resources */ = {isa = PBXBuildFile; fileRef = AEF377EF1DDDED4900FFA748 /* ico_dingwei_hui.png */; };
		AEF3780B1DDDED4900FFA748 /* ico_dingwei_hui@2x.png in Resources */ = {isa = PBXBuildFile; fileRef = AEF377F01DDDED4900FFA748 /* ico_dingwei_hui@2x.png */; };
		AEF3780C1DDDED4900FFA748 /* ico_dingwei_hui@3x.png in Resources */ = {isa = PBXBuildFile; fileRef = AEF377F11DDDED4900FFA748 /* ico_dingwei_hui@3x.png */; };
		AEF3780D1DDDED4900FFA748 /* ico_fabu_bg.png in Resources */ = {isa = PBXBuildFile; fileRef = AEF377F21DDDED4900FFA748 /* ico_fabu_bg.png */; };
		AEF3780E1DDDED4900FFA748 /* ico_fabu_bg@2x.png in Resources */ = {isa = PBXBuildFile; fileRef = AEF377F31DDDED4900FFA748 /* ico_fabu_bg@2x.png */; };
		AEF3780F1DDDED4900FFA748 /* ico_fabu_bg@3x.png in Resources */ = {isa = PBXBuildFile; fileRef = AEF377F41DDDED4900FFA748 /* ico_fabu_bg@3x.png */; };
		AEF378101DDDED4900FFA748 /* ico_gerenzhongxin_hong.png in Resources */ = {isa = PBXBuildFile; fileRef = AEF377F51DDDED4900FFA748 /* ico_gerenzhongxin_hong.png */; };
		AEF378111DDDED4900FFA748 /* ico_gerenzhongxin_hong@2x.png in Resources */ = {isa = PBXBuildFile; fileRef = AEF377F61DDDED4900FFA748 /* ico_gerenzhongxin_hong@2x.png */; };
		AEF378121DDDED4900FFA748 /* ico_gerenzhongxin_hong@3x.png in Resources */ = {isa = PBXBuildFile; fileRef = AEF377F71DDDED4900FFA748 /* ico_gerenzhongxin_hong@3x.png */; };
		AEF378131DDDED4900FFA748 /* ico_gerenzhongxin_hui.png in Resources */ = {isa = PBXBuildFile; fileRef = AEF377F81DDDED4900FFA748 /* ico_gerenzhongxin_hui.png */; };
		AEF378141DDDED4900FFA748 /* ico_gerenzhongxin_hui@2x.png in Resources */ = {isa = PBXBuildFile; fileRef = AEF377F91DDDED4900FFA748 /* ico_gerenzhongxin_hui@2x.png */; };
		AEF378151DDDED4900FFA748 /* ico_gerenzhongxin_hui@3x.png in Resources */ = {isa = PBXBuildFile; fileRef = AEF377FA1DDDED4900FFA748 /* ico_gerenzhongxin_hui@3x.png */; };
		AEF378161DDDED4900FFA748 /* ico_shouye_hong.png in Resources */ = {isa = PBXBuildFile; fileRef = AEF377FB1DDDED4900FFA748 /* ico_shouye_hong.png */; };
		AEF378171DDDED4900FFA748 /* ico_shouye_hong@2x.png in Resources */ = {isa = PBXBuildFile; fileRef = AEF377FC1DDDED4900FFA748 /* ico_shouye_hong@2x.png */; };
		AEF378181DDDED4900FFA748 /* ico_shouye_hong@3x.png in Resources */ = {isa = PBXBuildFile; fileRef = AEF377FD1DDDED4900FFA748 /* ico_shouye_hong@3x.png */; };
		AEF378191DDDED4900FFA748 /* ico_shouye_hui.png in Resources */ = {isa = PBXBuildFile; fileRef = AEF377FE1DDDED4900FFA748 /* ico_shouye_hui.png */; };
		AEF3781A1DDDED4900FFA748 /* ico_shouye_hui@2x.png in Resources */ = {isa = PBXBuildFile; fileRef = AEF377FF1DDDED4900FFA748 /* ico_shouye_hui@2x.png */; };
		AEF3781B1DDDED4900FFA748 /* ico_shouye_hui@3x.png in Resources */ = {isa = PBXBuildFile; fileRef = AEF378001DDDED4900FFA748 /* ico_shouye_hui@3x.png */; };
		AEF3781C1DDDED4900FFA748 /* ico_xiaoxi_hong.png in Resources */ = {isa = PBXBuildFile; fileRef = AEF378011DDDED4900FFA748 /* ico_xiaoxi_hong.png */; };
		AEF3781D1DDDED4900FFA748 /* ico_xiaoxi_hong@2x.png in Resources */ = {isa = PBXBuildFile; fileRef = AEF378021DDDED4900FFA748 /* ico_xiaoxi_hong@2x.png */; };
		AEF3781E1DDDED4900FFA748 /* ico_xiaoxi_hong@3x.png in Resources */ = {isa = PBXBuildFile; fileRef = AEF378031DDDED4900FFA748 /* ico_xiaoxi_hong@3x.png */; };
		AEF3781F1DDDED4900FFA748 /* ico_xiaoxi_hui.png in Resources */ = {isa = PBXBuildFile; fileRef = AEF378041DDDED4900FFA748 /* ico_xiaoxi_hui.png */; };
		AEF378201DDDED4900FFA748 /* ico_xiaoxi_hui@2x.png in Resources */ = {isa = PBXBuildFile; fileRef = AEF378051DDDED4900FFA748 /* ico_xiaoxi_hui@2x.png */; };
		AEF378211DDDED4900FFA748 /* ico_xiaoxi_hui@3x.png in Resources */ = {isa = PBXBuildFile; fileRef = AEF378061DDDED4900FFA748 /* ico_xiaoxi_hui@3x.png */; };
/* End PBXBuildFile section */

/* Begin PBXContainerItemProxy section */
		AEF377C01DDDE77A00FFA748 /* PBXContainerItemProxy */ = {
			isa = PBXContainerItemProxy;
			containerPortal = AEF3779E1DDDE77A00FFA748 /* Project object */;
			proxyType = 1;
			remoteGlobalIDString = AEF377A51DDDE77A00FFA748;
			remoteInfo = XYTabbar;
		};
		AEF377CB1DDDE77A00FFA748 /* PBXContainerItemProxy */ = {
			isa = PBXContainerItemProxy;
			containerPortal = AEF3779E1DDDE77A00FFA748 /* Project object */;
			proxyType = 1;
			remoteGlobalIDString = AEF377A51DDDE77A00FFA748;
			remoteInfo = XYTabbar;
		};
/* End PBXContainerItemProxy section */

/* Begin PBXFileReference section */
		AEF377A61DDDE77A00FFA748 /* XYTabbar.app */ = {isa = PBXFileReference; explicitFileType = wrapper.application; includeInIndex = 0; path = XYTabbar.app; sourceTree = BUILT_PRODUCTS_DIR; };
		AEF377AA1DDDE77A00FFA748 /* main.m */ = {isa = PBXFileReference; lastKnownFileType = sourcecode.c.objc; path = main.m; sourceTree = "<group>"; };
		AEF377AC1DDDE77A00FFA748 /* AppDelegate.h */ = {isa = PBXFileReference; lastKnownFileType = sourcecode.c.h; path = AppDelegate.h; sourceTree = "<group>"; };
		AEF377AD1DDDE77A00FFA748 /* AppDelegate.m */ = {isa = PBXFileReference; lastKnownFileType = sourcecode.c.objc; path = AppDelegate.m; sourceTree = "<group>"; };
		AEF377B51DDDE77A00FFA748 /* Assets.xcassets */ = {isa = PBXFileReference; lastKnownFileType = folder.assetcatalog; path = Assets.xcassets; sourceTree = "<group>"; };
		AEF377B81DDDE77A00FFA748 /* Base */ = {isa = PBXFileReference; lastKnownFileType = file.storyboard; name = Base; path = Base.lproj/LaunchScreen.storyboard; sourceTree = "<group>"; };
		AEF377BA1DDDE77A00FFA748 /* Info.plist */ = {isa = PBXFileReference; lastKnownFileType = text.plist.xml; path = Info.plist; sourceTree = "<group>"; };
		AEF377BF1DDDE77A00FFA748 /* XYTabbarTests.xctest */ = {isa = PBXFileReference; explicitFileType = wrapper.cfbundle; includeInIndex = 0; path = XYTabbarTests.xctest; sourceTree = BUILT_PRODUCTS_DIR; };
		AEF377C31DDDE77A00FFA748 /* XYTabbarTests.m */ = {isa = PBXFileReference; lastKnownFileType = sourcecode.c.objc; path = XYTabbarTests.m; sourceTree = "<group>"; };
		AEF377C51DDDE77A00FFA748 /* Info.plist */ = {isa = PBXFileReference; lastKnownFileType = text.plist.xml; path = Info.plist; sourceTree = "<group>"; };
		AEF377CA1DDDE77A00FFA748 /* XYTabbarUITests.xctest */ = {isa = PBXFileReference; explicitFileType = wrapper.cfbundle; includeInIndex = 0; path = XYTabbarUITests.xctest; sourceTree = BUILT_PRODUCTS_DIR; };
		AEF377CE1DDDE77A00FFA748 /* XYTabbarUITests.m */ = {isa = PBXFileReference; lastKnownFileType = sourcecode.c.objc; path = XYTabbarUITests.m; sourceTree = "<group>"; };
		AEF377D01DDDE77A00FFA748 /* Info.plist */ = {isa = PBXFileReference; lastKnownFileType = text.plist.xml; path = Info.plist; sourceTree = "<group>"; };
		AEF377DC1DDDE7B900FFA748 /* XYTabbar.h */ = {isa = PBXFileReference; fileEncoding = 4; lastKnownFileType = sourcecode.c.h; path = XYTabbar.h; sourceTree = "<group>"; };
		AEF377DD1DDDE7B900FFA748 /* XYTabbar.m */ = {isa = PBXFileReference; fileEncoding = 4; lastKnownFileType = sourcecode.c.objc; path = XYTabbar.m; sourceTree = "<group>"; };
		AEF377E51DDDE86B00FFA748 /* MainViewController.h */ = {isa = PBXFileReference; fileEncoding = 4; lastKnownFileType = sourcecode.c.h; path = MainViewController.h; sourceTree = "<group>"; };
		AEF377E61DDDE86B00FFA748 /* MainViewController.m */ = {isa = PBXFileReference; fileEncoding = 4; lastKnownFileType = sourcecode.c.objc; path = MainViewController.m; sourceTree = "<group>"; };
		AEF377EC1DDDED4900FFA748 /* ico_dingwei_hong.png */ = {isa = PBXFileReference; lastKnownFileType = image.png; path = ico_dingwei_hong.png; sourceTree = "<group>"; };
		AEF377ED1DDDED4900FFA748 /* ico_dingwei_hong@2x.png */ = {isa = PBXFileReference; lastKnownFileType = image.png; path = "ico_dingwei_hong@2x.png"; sourceTree = "<group>"; };
		AEF377EE1DDDED4900FFA748 /* ico_dingwei_hong@3x.png */ = {isa = PBXFileReference; lastKnownFileType = image.png; path = "ico_dingwei_hong@3x.png"; sourceTree = "<group>"; };
		AEF377EF1DDDED4900FFA748 /* ico_dingwei_hui.png */ = {isa = PBXFileReference; lastKnownFileType = image.png; path = ico_dingwei_hui.png; sourceTree = "<group>"; };
		AEF377F01DDDED4900FFA748 /* ico_dingwei_hui@2x.png */ = {isa = PBXFileReference; lastKnownFileType = image.png; path = "ico_dingwei_hui@2x.png"; sourceTree = "<group>"; };
		AEF377F11DDDED4900FFA748 /* ico_dingwei_hui@3x.png */ = {isa = PBXFileReference; lastKnownFileType = image.png; path = "ico_dingwei_hui@3x.png"; sourceTree = "<group>"; };
		AEF377F21DDDED4900FFA748 /* ico_fabu_bg.png */ = {isa = PBXFileReference; lastKnownFileType = image.png; path = ico_fabu_bg.png; sourceTree = "<group>"; };
		AEF377F31DDDED4900FFA748 /* ico_fabu_bg@2x.png */ = {isa = PBXFileReference; lastKnownFileType = image.png; path = "ico_fabu_bg@2x.png"; sourceTree = "<group>"; };
		AEF377F41DDDED4900FFA748 /* ico_fabu_bg@3x.png */ = {isa = PBXFileReference; lastKnownFileType = image.png; path = "ico_fabu_bg@3x.png"; sourceTree = "<group>"; };
		AEF377F51DDDED4900FFA748 /* ico_gerenzhongxin_hong.png */ = {isa = PBXFileReference; lastKnownFileType = image.png; path = ico_gerenzhongxin_hong.png; sourceTree = "<group>"; };
		AEF377F61DDDED4900FFA748 /* ico_gerenzhongxin_hong@2x.png */ = {isa = PBXFileReference; lastKnownFileType = image.png; path = "ico_gerenzhongxin_hong@2x.png"; sourceTree = "<group>"; };
		AEF377F71DDDED4900FFA748 /* ico_gerenzhongxin_hong@3x.png */ = {isa = PBXFileReference; lastKnownFileType = image.png; path = "ico_gerenzhongxin_hong@3x.png"; sourceTree = "<group>"; };
		AEF377F81DDDED4900FFA748 /* ico_gerenzhongxin_hui.png */ = {isa = PBXFileReference; lastKnownFileType = image.png; path = ico_gerenzhongxin_hui.png; sourceTree = "<group>"; };
		AEF377F91DDDED4900FFA748 /* ico_gerenzhongxin_hui@2x.png */ = {isa = PBXFileReference; lastKnownFileType = image.png; path = "ico_gerenzhongxin_hui@2x.png"; sourceTree = "<group>"; };
		AEF377FA1DDDED4900FFA748 /* ico_gerenzhongxin_hui@3x.png */ = {isa = PBXFileReference; lastKnownFileType = image.png; path = "ico_gerenzhongxin_hui@3x.png"; sourceTree = "<group>"; };
		AEF377FB1DDDED4900FFA748 /* ico_shouye_hong.png */ = {isa = PBXFileReference; lastKnownFileType = image.png; path = ico_shouye_hong.png; sourceTree = "<group>"; };
		AEF377FC1DDDED4900FFA748 /* ico_shouye_hong@2x.png */ = {isa = PBXFileReference; lastKnownFileType = image.png; path = "ico_shouye_hong@2x.png"; sourceTree = "<group>"; };
		AEF377FD1DDDED4900FFA748 /* ico_shouye_hong@3x.png */ = {isa = PBXFileReference; lastKnownFileType = image.png; path = "ico_shouye_hong@3x.png"; sourceTree = "<group>"; };
		AEF377FE1DDDED4900FFA748 /* ico_shouye_hui.png */ = {isa = PBXFileReference; lastKnownFileType = image.png; path = ico_shouye_hui.png; sourceTree = "<group>"; };
		AEF377FF1DDDED4900FFA748 /* ico_shouye_hui@2x.png */ = {isa = PBXFileReference; lastKnownFileType = image.png; path = "ico_shouye_hui@2x.png"; sourceTree = "<group>"; };
		AEF378001DDDED4900FFA748 /* ico_shouye_hui@3x.png */ = {isa = PBXFileReference; lastKnownFileType = image.png; path = "ico_shouye_hui@3x.png"; sourceTree = "<group>"; };
		AEF378011DDDED4900FFA748 /* ico_xiaoxi_hong.png */ = {isa = PBXFileReference; lastKnownFileType = image.png; path = ico_xiaoxi_hong.png; sourceTree = "<group>"; };
		AEF378021DDDED4900FFA748 /* ico_xiaoxi_hong@2x.png */ = {isa = PBXFileReference; lastKnownFileType = image.png; path = "ico_xiaoxi_hong@2x.png"; sourceTree = "<group>"; };
		AEF378031DDDED4900FFA748 /* ico_xiaoxi_hong@3x.png */ = {isa = PBXFileReference; lastKnownFileType = image.png; path = "ico_xiaoxi_hong@3x.png"; sourceTree = "<group>"; };
		AEF378041DDDED4900FFA748 /* ico_xiaoxi_hui.png */ = {isa = PBXFileReference; lastKnownFileType = image.png; path = ico_xiaoxi_hui.png; sourceTree = "<group>"; };
		AEF378051DDDED4900FFA748 /* ico_xiaoxi_hui@2x.png */ = {isa = PBXFileReference; lastKnownFileType = image.png; path = "ico_xiaoxi_hui@2x.png"; sourceTree = "<group>"; };
		AEF378061DDDED4900FFA748 /* ico_xiaoxi_hui@3x.png */ = {isa = PBXFileReference; lastKnownFileType = image.png; path = "ico_xiaoxi_hui@3x.png"; sourceTree = "<group>"; };
/* End PBXFileReference section */

/* Begin PBXFrameworksBuildPhase section */
		AEF377A31DDDE77A00FFA748 /* Frameworks */ = {
			isa = PBXFrameworksBuildPhase;
			buildActionMask = 2147483647;
			files = (
			);
			runOnlyForDeploymentPostprocessing = 0;
		};
		AEF377BC1DDDE77A00FFA748 /* Frameworks */ = {
			isa = PBXFrameworksBuildPhase;
			buildActionMask = 2147483647;
			files = (
			);
			runOnlyForDeploymentPostprocessing = 0;
		};
		AEF377C71DDDE77A00FFA748 /* Frameworks */ = {
			isa = PBXFrameworksBuildPhase;
			buildActionMask = 2147483647;
			files = (
			);
			runOnlyForDeploymentPostprocessing = 0;
		};
/* End PBXFrameworksBuildPhase section */

/* Begin PBXGroup section */
		AEF3779D1DDDE77A00FFA748 = {
			isa = PBXGroup;
			children = (
				AEF377A81DDDE77A00FFA748 /* XYTabbar */,
				AEF377C21DDDE77A00FFA748 /* XYTabbarTests */,
				AEF377CD1DDDE77A00FFA748 /* XYTabbarUITests */,
				AEF377A71DDDE77A00FFA748 /* Products */,
			);
			sourceTree = "<group>";
		};
		AEF377A71DDDE77A00FFA748 /* Products */ = {
			isa = PBXGroup;
			children = (
				AEF377A61DDDE77A00FFA748 /* XYTabbar.app */,
				AEF377BF1DDDE77A00FFA748 /* XYTabbarTests.xctest */,
				AEF377CA1DDDE77A00FFA748 /* XYTabbarUITests.xctest */,
			);
			name = Products;
			sourceTree = "<group>";
		};
		AEF377A81DDDE77A00FFA748 /* XYTabbar */ = {
			isa = PBXGroup;
			children = (
				AEF377EB1DDDEB6100FFA748 /* source */,
				AEF377AC1DDDE77A00FFA748 /* AppDelegate.h */,
				AEF377AD1DDDE77A00FFA748 /* AppDelegate.m */,
				AEF377E51DDDE86B00FFA748 /* MainViewController.h */,
				AEF377E61DDDE86B00FFA748 /* MainViewController.m */,
				AEF377DC1DDDE7B900FFA748 /* XYTabbar.h */,
				AEF377DD1DDDE7B900FFA748 /* XYTabbar.m */,
				AEF377B51DDDE77A00FFA748 /* Assets.xcassets */,
				AEF377B71DDDE77A00FFA748 /* LaunchScreen.storyboard */,
				AEF377BA1DDDE77A00FFA748 /* Info.plist */,
				AEF377A91DDDE77A00FFA748 /* Supporting Files */,
			);
			path = XYTabbar;
			sourceTree = "<group>";
		};
		AEF377A91DDDE77A00FFA748 /* Supporting Files */ = {
			isa = PBXGroup;
			children = (
				AEF377AA1DDDE77A00FFA748 /* main.m */,
			);
			name = "Supporting Files";
			sourceTree = "<group>";
		};
		AEF377C21DDDE77A00FFA748 /* XYTabbarTests */ = {
			isa = PBXGroup;
			children = (
				AEF377C31DDDE77A00FFA748 /* XYTabbarTests.m */,
				AEF377C51DDDE77A00FFA748 /* Info.plist */,
			);
			path = XYTabbarTests;
			sourceTree = "<group>";
		};
		AEF377CD1DDDE77A00FFA748 /* XYTabbarUITests */ = {
			isa = PBXGroup;
			children = (
				AEF377CE1DDDE77A00FFA748 /* XYTabbarUITests.m */,
				AEF377D01DDDE77A00FFA748 /* Info.plist */,
			);
			path = XYTabbarUITests;
			sourceTree = "<group>";
		};
		AEF377EB1DDDEB6100FFA748 /* source */ = {
			isa = PBXGroup;
			children = (
				AEF377EC1DDDED4900FFA748 /* ico_dingwei_hong.png */,
				AEF377ED1DDDED4900FFA748 /* ico_dingwei_hong@2x.png */,
				AEF377EE1DDDED4900FFA748 /* ico_dingwei_hong@3x.png */,
				AEF377EF1DDDED4900FFA748 /* ico_dingwei_hui.png */,
				AEF377F01DDDED4900FFA748 /* ico_dingwei_hui@2x.png */,
				AEF377F11DDDED4900FFA748 /* ico_dingwei_hui@3x.png */,
				AEF377F21DDDED4900FFA748 /* ico_fabu_bg.png */,
				AEF377F31DDDED4900FFA748 /* ico_fabu_bg@2x.png */,
				AEF377F41DDDED4900FFA748 /* ico_fabu_bg@3x.png */,
				AEF377F51DDDED4900FFA748 /* ico_gerenzhongxin_hong.png */,
				AEF377F61DDDED4900FFA748 /* ico_gerenzhongxin_hong@2x.png */,
				AEF377F71DDDED4900FFA748 /* ico_gerenzhongxin_hong@3x.png */,
				AEF377F81DDDED4900FFA748 /* ico_gerenzhongxin_hui.png */,
				AEF377F91DDDED4900FFA748 /* ico_gerenzhongxin_hui@2x.png */,
				AEF377FA1DDDED4900FFA748 /* ico_gerenzhongxin_hui@3x.png */,
				AEF377FB1DDDED4900FFA748 /* ico_shouye_hong.png */,
				AEF377FC1DDDED4900FFA748 /* ico_shouye_hong@2x.png */,
				AEF377FD1DDDED4900FFA748 /* ico_shouye_hong@3x.png */,
				AEF377FE1DDDED4900FFA748 /* ico_shouye_hui.png */,
				AEF377FF1DDDED4900FFA748 /* ico_shouye_hui@2x.png */,
				AEF378001DDDED4900FFA748 /* ico_shouye_hui@3x.png */,
				AEF378011DDDED4900FFA748 /* ico_xiaoxi_hong.png */,
				AEF378021DDDED4900FFA748 /* ico_xiaoxi_hong@2x.png */,
				AEF378031DDDED4900FFA748 /* ico_xiaoxi_hong@3x.png */,
				AEF378041DDDED4900FFA748 /* ico_xiaoxi_hui.png */,
				AEF378051DDDED4900FFA748 /* ico_xiaoxi_hui@2x.png */,
				AEF378061DDDED4900FFA748 /* ico_xiaoxi_hui@3x.png */,
			);
			name = source;
			sourceTree = "<group>";
		};
/* End PBXGroup section */

/* Begin PBXNativeTarget section */
		AEF377A51DDDE77A00FFA748 /* XYTabbar */ = {
			isa = PBXNativeTarget;
			buildConfigurationList = AEF377D31DDDE77A00FFA748 /* Build configuration list for PBXNativeTarget "XYTabbar" */;
			buildPhases = (
				AEF377A21DDDE77A00FFA748 /* Sources */,
				AEF377A31DDDE77A00FFA748 /* Frameworks */,
				AEF377A41DDDE77A00FFA748 /* Resources */,
			);
			buildRules = (
			);
			dependencies = (
			);
			name = XYTabbar;
			productName = XYTabbar;
			productReference = AEF377A61DDDE77A00FFA748 /* XYTabbar.app */;
			productType = "com.apple.product-type.application";
		};
		AEF377BE1DDDE77A00FFA748 /* XYTabbarTests */ = {
			isa = PBXNativeTarget;
			buildConfigurationList = AEF377D61DDDE77A00FFA748 /* Build configuration list for PBXNativeTarget "XYTabbarTests" */;
			buildPhases = (
				AEF377BB1DDDE77A00FFA748 /* Sources */,
				AEF377BC1DDDE77A00FFA748 /* Frameworks */,
				AEF377BD1DDDE77A00FFA748 /* Resources */,
			);
			buildRules = (
			);
			dependencies = (
				AEF377C11DDDE77A00FFA748 /* PBXTargetDependency */,
			);
			name = XYTabbarTests;
			productName = XYTabbarTests;
			productReference = AEF377BF1DDDE77A00FFA748 /* XYTabbarTests.xctest */;
			productType = "com.apple.product-type.bundle.unit-test";
		};
		AEF377C91DDDE77A00FFA748 /* XYTabbarUITests */ = {
			isa = PBXNativeTarget;
			buildConfigurationList = AEF377D91DDDE77A00FFA748 /* Build configuration list for PBXNativeTarget "XYTabbarUITests" */;
			buildPhases = (
				AEF377C61DDDE77A00FFA748 /* Sources */,
				AEF377C71DDDE77A00FFA748 /* Frameworks */,
				AEF377C81DDDE77A00FFA748 /* Resources */,
			);
			buildRules = (
			);
			dependencies = (
				AEF377CC1DDDE77A00FFA748 /* PBXTargetDependency */,
			);
			name = XYTabbarUITests;
			productName = XYTabbarUITests;
			productReference = AEF377CA1DDDE77A00FFA748 /* XYTabbarUITests.xctest */;
			productType = "com.apple.product-type.bundle.ui-testing";
		};
/* End PBXNativeTarget section */

/* Begin PBXProject section */
		AEF3779E1DDDE77A00FFA748 /* Project object */ = {
			isa = PBXProject;
			attributes = {
				LastUpgradeCheck = 0810;
				ORGANIZATIONNAME = xiangyang;
				TargetAttributes = {
					AEF377A51DDDE77A00FFA748 = {
						CreatedOnToolsVersion = 8.1;
						ProvisioningStyle = Manual;
					};
					AEF377BE1DDDE77A00FFA748 = {
						CreatedOnToolsVersion = 8.1;
						ProvisioningStyle = Automatic;
						TestTargetID = AEF377A51DDDE77A00FFA748;
					};
					AEF377C91DDDE77A00FFA748 = {
						CreatedOnToolsVersion = 8.1;
						ProvisioningStyle = Automatic;
						TestTargetID = AEF377A51DDDE77A00FFA748;
					};
				};
			};
			buildConfigurationList = AEF377A11DDDE77A00FFA748 /* Build configuration list for PBXProject "XYTabbar" */;
			compatibilityVersion = "Xcode 3.2";
			developmentRegion = English;
			hasScannedForEncodings = 0;
			knownRegions = (
				en,
				Base,
			);
			mainGroup = AEF3779D1DDDE77A00FFA748;
			productRefGroup = AEF377A71DDDE77A00FFA748 /* Products */;
			projectDirPath = "";
			projectRoot = "";
			targets = (
				AEF377A51DDDE77A00FFA748 /* XYTabbar */,
				AEF377BE1DDDE77A00FFA748 /* XYTabbarTests */,
				AEF377C91DDDE77A00FFA748 /* XYTabbarUITests */,
			);
		};
/* End PBXProject section */

/* Begin PBXResourcesBuildPhase section */
		AEF377A41DDDE77A00FFA748 /* Resources */ = {
			isa = PBXResourcesBuildPhase;
			buildActionMask = 2147483647;
			files = (
				AEF378111DDDED4900FFA748 /* ico_gerenzhongxin_hong@2x.png in Resources */,
				AEF3780B1DDDED4900FFA748 /* ico_dingwei_hui@2x.png in Resources */,
				AEF3781B1DDDED4900FFA748 /* ico_shouye_hui@3x.png in Resources */,
				AEF3781A1DDDED4900FFA748 /* ico_shouye_hui@2x.png in Resources */,
				AEF378181DDDED4900FFA748 /* ico_shouye_hong@3x.png in Resources */,
				AEF3781C1DDDED4900FFA748 /* ico_xiaoxi_hong.png in Resources */,
				AEF378081DDDED4900FFA748 /* ico_dingwei_hong@2x.png in Resources */,
				AEF3781E1DDDED4900FFA748 /* ico_xiaoxi_hong@3x.png in Resources */,
				AEF3780C1DDDED4900FFA748 /* ico_dingwei_hui@3x.png in Resources */,
				AEF3781F1DDDED4900FFA748 /* ico_xiaoxi_hui.png in Resources */,
				AEF3780F1DDDED4900FFA748 /* ico_fabu_bg@3x.png in Resources */,
				AEF378101DDDED4900FFA748 /* ico_gerenzhongxin_hong.png in Resources */,
				AEF378121DDDED4900FFA748 /* ico_gerenzhongxin_hong@3x.png in Resources */,
				AEF377B91DDDE77A00FFA748 /* LaunchScreen.storyboard in Resources */,
				AEF378161DDDED4900FFA748 /* ico_shouye_hong.png in Resources */,
				AEF3780A1DDDED4900FFA748 /* ico_dingwei_hui.png in Resources */,
				AEF378191DDDED4900FFA748 /* ico_shouye_hui.png in Resources */,
				AEF378151DDDED4900FFA748 /* ico_gerenzhongxin_hui@3x.png in Resources */,
				AEF3780E1DDDED4900FFA748 /* ico_fabu_bg@2x.png in Resources */,
				AEF377B61DDDE77A00FFA748 /* Assets.xcassets in Resources */,
				AEF378131DDDED4900FFA748 /* ico_gerenzhongxin_hui.png in Resources */,
				AEF3781D1DDDED4900FFA748 /* ico_xiaoxi_hong@2x.png in Resources */,
				AEF378071DDDED4900FFA748 /* ico_dingwei_hong.png in Resources */,
				AEF378091DDDED4900FFA748 /* ico_dingwei_hong@3x.png in Resources */,
				AEF378171DDDED4900FFA748 /* ico_shouye_hong@2x.png in Resources */,
				AEF378211DDDED4900FFA748 /* ico_xiaoxi_hui@3x.png in Resources */,
				AEF378141DDDED4900FFA748 /* ico_gerenzhongxin_hui@2x.png in Resources */,
				AEF3780D1DDDED4900FFA748 /* ico_fabu_bg.png in Resources */,
				AEF378201DDDED4900FFA748 /* ico_xiaoxi_hui@2x.png in Resources */,
			);
			runOnlyForDeploymentPostprocessing = 0;
		};
		AEF377BD1DDDE77A00FFA748 /* Resources */ = {
			isa = PBXResourcesBuildPhase;
			buildActionMask = 2147483647;
			files = (
			);
			runOnlyForDeploymentPostprocessing = 0;
		};
		AEF377C81DDDE77A00FFA748 /* Resources */ = {
			isa = PBXResourcesBuildPhase;
			buildActionMask = 2147483647;
			files = (
			);
			runOnlyForDeploymentPostprocessing = 0;
		};
/* End PBXResourcesBuildPhase section */

/* Begin PBXSourcesBuildPhase section */
		AEF377A21DDDE77A00FFA748 /* Sources */ = {
			isa = PBXSourcesBuildPhase;
			buildActionMask = 2147483647;
			files = (
				AEF377AE1DDDE77A00FFA748 /* AppDelegate.m in Sources */,
				AEF377DE1DDDE7B900FFA748 /* XYTabbar.m in Sources */,
				AEF377AB1DDDE77A00FFA748 /* main.m in Sources */,
				AEF377E71DDDE86B00FFA748 /* MainViewController.m in Sources */,
			);
			runOnlyForDeploymentPostprocessing = 0;
		};
		AEF377BB1DDDE77A00FFA748 /* Sources */ = {
			isa = PBXSourcesBuildPhase;
			buildActionMask = 2147483647;
			files = (
				AEF377C41DDDE77A00FFA748 /* XYTabbarTests.m in Sources */,
			);
			runOnlyForDeploymentPostprocessing = 0;
		};
		AEF377C61DDDE77A00FFA748 /* Sources */ = {
			isa = PBXSourcesBuildPhase;
			buildActionMask = 2147483647;
			files = (
				AEF377CF1DDDE77A00FFA748 /* XYTabbarUITests.m in Sources */,
			);
			runOnlyForDeploymentPostprocessing = 0;
		};
/* End PBXSourcesBuildPhase section */

/* Begin PBXTargetDependency section */
		AEF377C11DDDE77A00FFA748 /* PBXTargetDependency */ = {
			isa = PBXTargetDependency;
			target = AEF377A51DDDE77A00FFA748 /* XYTabbar */;
			targetProxy = AEF377C01DDDE77A00FFA748 /* PBXContainerItemProxy */;
		};
		AEF377CC1DDDE77A00FFA748 /* PBXTargetDependency */ = {
			isa = PBXTargetDependency;
			target = AEF377A51DDDE77A00FFA748 /* XYTabbar */;
			targetProxy = AEF377CB1DDDE77A00FFA748 /* PBXContainerItemProxy */;
		};
/* End PBXTargetDependency section */

/* Begin PBXVariantGroup section */
		AEF377B71DDDE77A00FFA748 /* LaunchScreen.storyboard */ = {
			isa = PBXVariantGroup;
			children = (
				AEF377B81DDDE77A00FFA748 /* Base */,
			);
			name = LaunchScreen.storyboard;
			sourceTree = "<group>";
		};
/* End PBXVariantGroup section */

/* Begin XCBuildConfiguration section */
		AEF377D11DDDE77A00FFA748 /* Debug */ = {
			isa = XCBuildConfiguration;
			buildSettings = {
				ALWAYS_SEARCH_USER_PATHS = NO;
				CLANG_ANALYZER_NONNULL = YES;
				CLANG_CXX_LANGUAGE_STANDARD = "gnu++0x";
				CLANG_CXX_LIBRARY = "libc++";
				CLANG_ENABLE_MODULES = YES;
				CLANG_ENABLE_OBJC_ARC = YES;
				CLANG_WARN_BOOL_CONVERSION = YES;
				CLANG_WARN_CONSTANT_CONVERSION = YES;
				CLANG_WARN_DIRECT_OBJC_ISA_USAGE = YES_ERROR;
				CLANG_WARN_DOCUMENTATION_COMMENTS = YES;
				CLANG_WARN_EMPTY_BODY = YES;
				CLANG_WARN_ENUM_CONVERSION = YES;
				CLANG_WARN_INFINITE_RECURSION = YES;
				CLANG_WARN_INT_CONVERSION = YES;
				CLANG_WARN_OBJC_ROOT_CLASS = YES_ERROR;
				CLANG_WARN_SUSPICIOUS_MOVES = YES;
				CLANG_WARN_UNREACHABLE_CODE = YES;
				CLANG_WARN__DUPLICATE_METHOD_MATCH = YES;
				"CODE_SIGN_IDENTITY[sdk=iphoneos*]" = "iPhone Developer";
				COPY_PHASE_STRIP = NO;
				DEBUG_INFORMATION_FORMAT = dwarf;
				ENABLE_STRICT_OBJC_MSGSEND = YES;
				ENABLE_TESTABILITY = YES;
				GCC_C_LANGUAGE_STANDARD = gnu99;
				GCC_DYNAMIC_NO_PIC = NO;
				GCC_NO_COMMON_BLOCKS = YES;
				GCC_OPTIMIZATION_LEVEL = 0;
				GCC_PREPROCESSOR_DEFINITIONS = (
					"DEBUG=1",
					"$(inherited)",
				);
				GCC_WARN_64_TO_32_BIT_CONVERSION = YES;
				GCC_WARN_ABOUT_RETURN_TYPE = YES_ERROR;
				GCC_WARN_UNDECLARED_SELECTOR = YES;
				GCC_WARN_UNINITIALIZED_AUTOS = YES_AGGRESSIVE;
				GCC_WARN_UNUSED_FUNCTION = YES;
				GCC_WARN_UNUSED_VARIABLE = YES;
				IPHONEOS_DEPLOYMENT_TARGET = 10.1;
				MTL_ENABLE_DEBUG_INFO = YES;
				ONLY_ACTIVE_ARCH = YES;
				SDKROOT = iphoneos;
			};
			name = Debug;
		};
		AEF377D21DDDE77A00FFA748 /* Release */ = {
			isa = XCBuildConfiguration;
			buildSettings = {
				ALWAYS_SEARCH_USER_PATHS = NO;
				CLANG_ANALYZER_NONNULL = YES;
				CLANG_CXX_LANGUAGE_STANDARD = "gnu++0x";
				CLANG_CXX_LIBRARY = "libc++";
				CLANG_ENABLE_MODULES = YES;
				CLANG_ENABLE_OBJC_ARC = YES;
				CLANG_WARN_BOOL_CONVERSION = YES;
				CLANG_WARN_CONSTANT_CONVERSION = YES;
				CLANG_WARN_DIRECT_OBJC_ISA_USAGE = YES_ERROR;
				CLANG_WARN_DOCUMENTATION_COMMENTS = YES;
				CLANG_WARN_EMPTY_BODY = YES;
				CLANG_WARN_ENUM_CONVERSION = YES;
				CLANG_WARN_INFINITE_RECURSION = YES;
				CLANG_WARN_INT_CONVERSION = YES;
				CLANG_WARN_OBJC_ROOT_CLASS = YES_ERROR;
				CLANG_WARN_SUSPICIOUS_MOVES = YES;
				CLANG_WARN_UNREACHABLE_CODE = YES;
				CLANG_WARN__DUPLICATE_METHOD_MATCH = YES;
				"CODE_SIGN_IDENTITY[sdk=iphoneos*]" = "iPhone Developer";
				COPY_PHASE_STRIP = NO;
				DEBUG_INFORMATION_FORMAT = "dwarf-with-dsym";
				ENABLE_NS_ASSERTIONS = NO;
				ENABLE_STRICT_OBJC_MSGSEND = YES;
				GCC_C_LANGUAGE_STANDARD = gnu99;
				GCC_NO_COMMON_BLOCKS = YES;
				GCC_WARN_64_TO_32_BIT_CONVERSION = YES;
				GCC_WARN_ABOUT_RETURN_TYPE = YES_ERROR;
				GCC_WARN_UNDECLARED_SELECTOR = YES;
				GCC_WARN_UNINITIALIZED_AUTOS = YES_AGGRESSIVE;
				GCC_WARN_UNUSED_FUNCTION = YES;
				GCC_WARN_UNUSED_VARIABLE = YES;
				IPHONEOS_DEPLOYMENT_TARGET = 10.1;
				MTL_ENABLE_DEBUG_INFO = NO;
				SDKROOT = iphoneos;
				VALIDATE_PRODUCT = YES;
			};
			name = Release;
		};
		AEF377D41DDDE77A00FFA748 /* Debug */ = {
			isa = XCBuildConfiguration;
			buildSettings = {
				ASSETCATALOG_COMPILER_APPICON_NAME = AppIcon;
				DEVELOPMENT_TEAM = "";
				INFOPLIST_FILE = XYTabbar/Info.plist;
				IPHONEOS_DEPLOYMENT_TARGET = 8.0;
				LD_RUNPATH_SEARCH_PATHS = "$(inherited) @executable_path/Frameworks";
				PRODUCT_BUNDLE_IDENTIFIER = xiangyang.XYTabbar;
				PRODUCT_NAME = "$(TARGET_NAME)";
			};
			name = Debug;
		};
		AEF377D51DDDE77A00FFA748 /* Release */ = {
			isa = XCBuildConfiguration;
			buildSettings = {
				ASSETCATALOG_COMPILER_APPICON_NAME = AppIcon;
				DEVELOPMENT_TEAM = "";
				INFOPLIST_FILE = XYTabbar/Info.plist;
				IPHONEOS_DEPLOYMENT_TARGET = 8.0;
				LD_RUNPATH_SEARCH_PATHS = "$(inherited) @executable_path/Frameworks";
				PRODUCT_BUNDLE_IDENTIFIER = xiangyang.XYTabbar;
				PRODUCT_NAME = "$(TARGET_NAME)";
			};
			name = Release;
		};
		AEF377D71DDDE77A00FFA748 /* Debug */ = {
			isa = XCBuildConfiguration;
			buildSettings = {
				BUNDLE_LOADER = "$(TEST_HOST)";
				INFOPLIST_FILE = XYTabbarTests/Info.plist;
				LD_RUNPATH_SEARCH_PATHS = "$(inherited) @executable_path/Frameworks @loader_path/Frameworks";
				PRODUCT_BUNDLE_IDENTIFIER = xiangyang.XYTabbarTests;
				PRODUCT_NAME = "$(TARGET_NAME)";
				TEST_HOST = "$(BUILT_PRODUCTS_DIR)/XYTabbar.app/XYTabbar";
			};
			name = Debug;
		};
		AEF377D81DDDE77A00FFA748 /* Release */ = {
			isa = XCBuildConfiguration;
			buildSettings = {
				BUNDLE_LOADER = "$(TEST_HOST)";
				INFOPLIST_FILE = XYTabbarTests/Info.plist;
				LD_RUNPATH_SEARCH_PATHS = "$(inherited) @executable_path/Frameworks @loader_path/Frameworks";
				PRODUCT_BUNDLE_IDENTIFIER = xiangyang.XYTabbarTests;
				PRODUCT_NAME = "$(TARGET_NAME)";
				TEST_HOST = "$(BUILT_PRODUCTS_DIR)/XYTabbar.app/XYTabbar";
			};
			name = Release;
		};
		AEF377DA1DDDE77A00FFA748 /* Debug */ = {
			isa = XCBuildConfiguration;
			buildSettings = {
				INFOPLIST_FILE = XYTabbarUITests/Info.plist;
				LD_RUNPATH_SEARCH_PATHS = "$(inherited) @executable_path/Frameworks @loader_path/Frameworks";
				PRODUCT_BUNDLE_IDENTIFIER = xiangyang.XYTabbarUITests;
				PRODUCT_NAME = "$(TARGET_NAME)";
				TEST_TARGET_NAME = XYTabbar;
			};
			name = Debug;
		};
		AEF377DB1DDDE77A00FFA748 /* Release */ = {
			isa = XCBuildConfiguration;
			buildSettings = {
				INFOPLIST_FILE = XYTabbarUITests/Info.plist;
				LD_RUNPATH_SEARCH_PATHS = "$(inherited) @executable_path/Frameworks @loader_path/Frameworks";
				PRODUCT_BUNDLE_IDENTIFIER = xiangyang.XYTabbarUITests;
				PRODUCT_NAME = "$(TARGET_NAME)";
				TEST_TARGET_NAME = XYTabbar;
			};
			name = Release;
		};
/* End XCBuildConfiguration section */

/* Begin XCConfigurationList section */
		AEF377A11DDDE77A00FFA748 /* Build configuration list for PBXProject "XYTabbar" */ = {
			isa = XCConfigurationList;
			buildConfigurations = (
				AEF377D11DDDE77A00FFA748 /* Debug */,
				AEF377D21DDDE77A00FFA748 /* Release */,
			);
			defaultConfigurationIsVisible = 0;
			defaultConfigurationName = Release;
		};
		AEF377D31DDDE77A00FFA748 /* Build configuration list for PBXNativeTarget "XYTabbar" */ = {
			isa = XCConfigurationList;
			buildConfigurations = (
				AEF377D41DDDE77A00FFA748 /* Debug */,
				AEF377D51DDDE77A00FFA748 /* Release */,
			);
			defaultConfigurationIsVisible = 0;
		};
		AEF377D61DDDE77A00FFA748 /* Build configuration list for PBXNativeTarget "XYTabbarTests" */ = {
			isa = XCConfigurationList;
			buildConfigurations = (
				AEF377D71DDDE77A00FFA748 /* Debug */,
				AEF377D81DDDE77A00FFA748 /* Release */,
			);
			defaultConfigurationIsVisible = 0;
		};
		AEF377D91DDDE77A00FFA748 /* Build configuration list for PBXNativeTarget "XYTabbarUITests" */ = {
			isa = XCConfigurationList;
			buildConfigurations = (
				AEF377DA1DDDE77A00FFA748 /* Debug */,
				AEF377DB1DDDE77A00FFA748 /* Release */,
			);
			defaultConfigurationIsVisible = 0;
		};
/* End XCConfigurationList section */
	};
	rootObject = AEF3779E1DDDE77A00FFA748 /* Project object */;
}
